// !$*UTF8*$!
{
	archiveVersion = 1;
	classes = {
	};
	objectVersion = 46;
	objects = {

/* Begin PBXBuildFile section */
		F9E1954717D2DFEB0013BC16 /* UIKit.framework in Frameworks */ = {isa = PBXBuildFile; fileRef = F9E1954617D2DFEB0013BC16 /* UIKit.framework */; };
		F9E1954917D2DFEB0013BC16 /* Foundation.framework in Frameworks */ = {isa = PBXBuildFile; fileRef = F9E1954817D2DFEB0013BC16 /* Foundation.framework */; };
		F9E1954B17D2DFEB0013BC16 /* CoreGraphics.framework in Frameworks */ = {isa = PBXBuildFile; fileRef = F9E1954A17D2DFEB0013BC16 /* CoreGraphics.framework */; };
		F9E1955117D2DFEB0013BC16 /* InfoPlist.strings in Resources */ = {isa = PBXBuildFile; fileRef = F9E1954F17D2DFEB0013BC16 /* InfoPlist.strings */; };
		F9E1955317D2DFEB0013BC16 /* main.m in Sources */ = {isa = PBXBuildFile; fileRef = F9E1955217D2DFEB0013BC16 /* main.m */; };
		F9E1955717D2DFEB0013BC16 /* BNRAppDelegate.m in Sources */ = {isa = PBXBuildFile; fileRef = F9E1955617D2DFEB0013BC16 /* BNRAppDelegate.m */; };
		F9E1955917D2DFEB0013BC16 /* Default.png in Resources */ = {isa = PBXBuildFile; fileRef = F9E1955817D2DFEB0013BC16 /* Default.png */; };
		F9E1955B17D2DFEB0013BC16 /* Default@2x.png in Resources */ = {isa = PBXBuildFile; fileRef = F9E1955A17D2DFEB0013BC16 /* Default@2x.png */; };
		F9E1955D17D2DFEB0013BC16 /* Default-568h@2x.png in Resources */ = {isa = PBXBuildFile; fileRef = F9E1955C17D2DFEB0013BC16 /* Default-568h@2x.png */; };
/* End PBXBuildFile section */

/* Begin PBXFileReference section */
		F9E1954317D2DFEB0013BC16 /* CompleteTest.app */ = {isa = PBXFileReference; explicitFileType = wrapper.application; includeInIndex = 0; path = CompleteTest.app; sourceTree = BUILT_PRODUCTS_DIR; };
		F9E1954617D2DFEB0013BC16 /* UIKit.framework */ = {isa = PBXFileReference; lastKnownFileType = wrapper.framework; name = UIKit.framework; path = System/Library/Frameworks/UIKit.framework; sourceTree = SDKROOT; };
		F9E1954817D2DFEB0013BC16 /* Foundation.framework */ = {isa = PBXFileReference; lastKnownFileType = wrapper.framework; name = Foundation.framework; path = System/Library/Frameworks/Foundation.framework; sourceTree = SDKROOT; };
		F9E1954A17D2DFEB0013BC16 /* CoreGraphics.framework */ = {isa = PBXFileReference; lastKnownFileType = wrapper.framework; name = CoreGraphics.framework; path = System/Library/Frameworks/CoreGraphics.framework; sourceTree = SDKROOT; };
		F9E1954E17D2DFEB0013BC16 /* CompleteTest-Info.plist */ = {isa = PBXFileReference; lastKnownFileType = text.plist.xml; path = "CompleteTest-Info.plist"; sourceTree = "<group>"; };
		F9E1955017D2DFEB0013BC16 /* en */ = {isa = PBXFileReference; lastKnownFileType = text.plist.strings; name = en; path = en.lproj/InfoPlist.strings; sourceTree = "<group>"; };
		F9E1955217D2DFEB0013BC16 /* main.m */ = {isa = PBXFileReference; lastKnownFileType = sourcecode.c.objc; path = main.m; sourceTree = "<group>"; };
		F9E1955417D2DFEB0013BC16 /* CompleteTest-Prefix.pch */ = {isa = PBXFileReference; lastKnownFileType = sourcecode.c.h; path = "CompleteTest-Prefix.pch"; sourceTree = "<group>"; };
		F9E1955517D2DFEB0013BC16 /* BNRAppDelegate.h */ = {isa = PBXFileReference; lastKnownFileType = sourcecode.c.h; path = BNRAppDelegate.h; sourceTree = "<group>"; };
		F9E1955617D2DFEB0013BC16 /* BNRAppDelegate.m */ = {isa = PBXFileReference; lastKnownFileType = sourcecode.c.objc; path = BNRAppDelegate.m; sourceTree = "<group>"; };
		F9E1955817D2DFEB0013BC16 /* Default.png */ = {isa = PBXFileReference; lastKnownFileType = image.png; path = Default.png; sourceTree = "<group>"; };
		F9E1955A17D2DFEB0013BC16 /* Default@2x.png */ = {isa = PBXFileReference; lastKnownFileType = image.png; path = "Default@2x.png"; sourceTree = "<group>"; };
		F9E1955C17D2DFEB0013BC16 /* Default-568h@2x.png */ = {isa = PBXFileReference; lastKnownFileType = image.png; path = "Default-568h@2x.png"; sourceTree = "<group>"; };
/* End PBXFileReference section */

/* Begin PBXFrameworksBuildPhase section */
		F9E1954017D2DFEB0013BC16 /* Frameworks */ = {
			isa = PBXFrameworksBuildPhase;
			buildActionMask = 2147483647;
			files = (
				F9E1954717D2DFEB0013BC16 /* UIKit.framework in Frameworks */,
				F9E1954917D2DFEB0013BC16 /* Foundation.framework in Frameworks */,
				F9E1954B17D2DFEB0013BC16 /* CoreGraphics.framework in Frameworks */,
			);
			runOnlyForDeploymentPostprocessing = 0;
		};
/* End PBXFrameworksBuildPhase section */

/* Begin PBXGroup section */
		F9E1953A17D2DFEB0013BC16 = {
			isa = PBXGroup;
			children = (
				F9E1954C17D2DFEB0013BC16 /* CompleteTest */,
				F9E1954517D2DFEB0013BC16 /* Frameworks */,
				F9E1954417D2DFEB0013BC16 /* Products */,
			);
			sourceTree = "<group>";
		};
		F9E1954417D2DFEB0013BC16 /* Products */ = {
			isa = PBXGroup;
			children = (
				F9E1954317D2DFEB0013BC16 /* CompleteTest.app */,
			);
			name = Products;
			sourceTree = "<group>";
		};
		F9E1954517D2DFEB0013BC16 /* Frameworks */ = {
			isa = PBXGroup;
			children = (
				F9E1954617D2DFEB0013BC16 /* UIKit.framework */,
				F9E1954817D2DFEB0013BC16 /* Foundation.framework */,
				F9E1954A17D2DFEB0013BC16 /* CoreGraphics.framework */,
			);
			name = Frameworks;
			sourceTree = "<group>";
		};
		F9E1954C17D2DFEB0013BC16 /* CompleteTest */ = {
			isa = PBXGroup;
			children = (
				F9E1955517D2DFEB0013BC16 /* BNRAppDelegate.h */,
				F9E1955617D2DFEB0013BC16 /* BNRAppDelegate.m */,
				F9E1954D17D2DFEB0013BC16 /* Supporting Files */,
			);
			path = CompleteTest;
			sourceTree = "<group>";
		};
		F9E1954D17D2DFEB0013BC16 /* Supporting Files */ = {
			isa = PBXGroup;
			children = (
				F9E1954E17D2DFEB0013BC16 /* CompleteTest-Info.plist */,
				F9E1954F17D2DFEB0013BC16 /* InfoPlist.strings */,
				F9E1955217D2DFEB0013BC16 /* main.m */,
				F9E1955417D2DFEB0013BC16 /* CompleteTest-Prefix.pch */,
				F9E1955817D2DFEB0013BC16 /* Default.png */,
				F9E1955A17D2DFEB0013BC16 /* Default@2x.png */,
				F9E1955C17D2DFEB0013BC16 /* Default-568h@2x.png */,
			);
			name = "Supporting Files";
			sourceTree = "<group>";
		};
/* End PBXGroup section */

/* Begin PBXNativeTarget section */
		F9E1954217D2DFEB0013BC16 /* CompleteTest */ = {
			isa = PBXNativeTarget;
			buildConfigurationList = F9E1956017D2DFEB0013BC16 /* Build configuration list for PBXNativeTarget "CompleteTest" */;
			buildPhases = (
				F9E1953F17D2DFEB0013BC16 /* Sources */,
				F9E1954017D2DFEB0013BC16 /* Frameworks */,
				F9E1954117D2DFEB0013BC16 /* Resources */,
			);
			buildRules = (
			);
			dependencies = (
			);
			name = CompleteTest;
			productName = CompleteTest;
			productReference = F9E1954317D2DFEB0013BC16 /* CompleteTest.app */;
			productType = "com.apple.product-type.application";
		};
/* End PBXNativeTarget section */

/* Begin PBXProject section */
		F9E1953B17D2DFEB0013BC16 /* Project object */ = {
			isa = PBXProject;
			attributes = {
				CLASSPREFIX = BNR;
				LastUpgradeCheck = 0460;
				ORGANIZATIONNAME = "Rana Puri";
			};
			buildConfigurationList = F9E1953E17D2DFEB0013BC16 /* Build configuration list for PBXProject "CompleteTest" */;
			compatibilityVersion = "Xcode 3.2";
			developmentRegion = English;
			hasScannedForEncodings = 0;
			knownRegions = (
				en,
			);
			mainGroup = F9E1953A17D2DFEB0013BC16;
			productRefGroup = F9E1954417D2DFEB0013BC16 /* Products */;
			projectDirPath = "";
			projectRoot = "";
			targets = (
				F9E1954217D2DFEB0013BC16 /* CompleteTest */,
			);
		};
/* End PBXProject section */

/* Begin PBXResourcesBuildPhase section */
		F9E1954117D2DFEB0013BC16 /* Resources */ = {
			isa = PBXResourcesBuildPhase;
			buildActionMask = 2147483647;
			files = (
				F9E1955117D2DFEB0013BC16 /* InfoPlist.strings in Resources */,
				F9E1955917D2DFEB0013BC16 /* Default.png in Resources */,
				F9E1955B17D2DFEB0013BC16 /* Default@2x.png in Resources */,
				F9E1955D17D2DFEB0013BC16 /* Default-568h@2x.png in Resources */,
			);
			runOnlyForDeploymentPostprocessing = 0;
		};
/* End PBXResourcesBuildPhase section */

/* Begin PBXSourcesBuildPhase section */
		F9E1953F17D2DFEB0013BC16 /* Sources */ = {
			isa = PBXSourcesBuildPhase;
			buildActionMask = 2147483647;
			files = (
				F9E1955317D2DFEB0013BC16 /* main.m in Sources */,
				F9E1955717D2DFEB0013BC16 /* BNRAppDelegate.m in Sources */,
			);
			runOnlyForDeploymentPostprocessing = 0;
		};
/* End PBXSourcesBuildPhase section */

/* Begin PBXVariantGroup section */
		F9E1954F17D2DFEB0013BC16 /* InfoPlist.strings */ = {
			isa = PBXVariantGroup;
			children = (
				F9E1955017D2DFEB0013BC16 /* en */,
			);
			name = InfoPlist.strings;
			sourceTree = "<group>";
		};
/* End PBXVariantGroup section */

/* Begin XCBuildConfiguration section */
		F9E1955E17D2DFEB0013BC16 /* Debug */ = {
			isa = XCBuildConfiguration;
			buildSettings = {
				ALWAYS_SEARCH_USER_PATHS = NO;
				CLANG_CXX_LANGUAGE_STANDARD = "gnu++0x";
				CLANG_CXX_LIBRARY = "libc++";
				CLANG_ENABLE_OBJC_ARC = YES;
				CLANG_WARN_CONSTANT_CONVERSION = YES;
				CLANG_WARN_EMPTY_BODY = YES;
				CLANG_WARN_ENUM_CONVERSION = YES;
				CLANG_WARN_INT_CONVERSION = YES;
				CLANG_WARN__DUPLICATE_METHOD_MATCH = YES;
				"CODE_SIGN_IDENTITY[sdk=iphoneos*]" = "iPhone Developer";
				COPY_PHASE_STRIP = NO;
				GCC_C_LANGUAGE_STANDARD = gnu99;
				GCC_DYNAMIC_NO_PIC = NO;
				GCC_OPTIMIZATION_LEVEL = 0;
				GCC_PREPROCESSOR_DEFINITIONS = (
					"DEBUG=1",
					"$(inherited)",
				);
				GCC_SYMBOLS_PRIVATE_EXTERN = NO;
				GCC_WARN_ABOUT_RETURN_TYPE = YES;
				GCC_WARN_UNINITIALIZED_AUTOS = YES;
				GCC_WARN_UNUSED_VARIABLE = YES;
				IPHONEOS_DEPLOYMENT_TARGET = 6.1;
				ONLY_ACTIVE_ARCH = YES;
				SDKROOT = iphoneos;
			};
			name = Debug;
		};
		F9E1955F17D2DFEB0013BC16 /* Release */ = {
			isa = XCBuildConfiguration;
			buildSettings = {
				ALWAYS_SEARCH_USER_PATHS = NO;
				CLANG_CXX_LANGUAGE_STANDARD = "gnu++0x";
				CLANG_CXX_LIBRARY = "libc++";
				CLANG_ENABLE_OBJC_ARC = YES;
				CLANG_WARN_CONSTANT_CONVERSION = YES;
				CLANG_WARN_EMPTY_BODY = YES;
				CLANG_WARN_ENUM_CONVERSION = YES;
				CLANG_WARN_INT_CONVERSION = YES;
				CLANG_WARN__DUPLICATE_METHOD_MATCH = YES;
				"CODE_SIGN_IDENTITY[sdk=iphoneos*]" = "iPhone Developer";
				COPY_PHASE_STRIP = YES;
				GCC_C_LANGUAGE_STANDARD = gnu99;
				GCC_WARN_ABOUT_RETURN_TYPE = YES;
				GCC_WARN_UNINITIALIZED_AUTOS = YES;
				GCC_WARN_UNUSED_VARIABLE = YES;
				IPHONEOS_DEPLOYMENT_TARGET = 6.1;
				OTHER_CFLAGS = "-DNS_BLOCK_ASSERTIONS=1";
				SDKROOT = iphoneos;
				VALIDATE_PRODUCT = YES;
			};
			name = Release;
		};
		F9E1956117D2DFEB0013BC16 /* Debug */ = {
			isa = XCBuildConfiguration;
			buildSettings = {
				GCC_PRECOMPILE_PREFIX_HEADER = YES;
				GCC_PREFIX_HEADER = "CompleteTest/CompleteTest-Prefix.pch";
				INFOPLIST_FILE = "CompleteTest/CompleteTest-Info.plist";
				PRODUCT_NAME = "$(TARGET_NAME)";
				WRAPPER_EXTENSION = app;
			};
			name = Debug;
		};
		F9E1956217D2DFEB0013BC16 /* Release */ = {
			isa = XCBuildConfiguration;
			buildSettings = {
				GCC_PRECOMPILE_PREFIX_HEADER = YES;
				GCC_PREFIX_HEADER = "CompleteTest/CompleteTest-Prefix.pch";
				INFOPLIST_FILE = "CompleteTest/CompleteTest-Info.plist";
				PRODUCT_NAME = "$(TARGET_NAME)";
				WRAPPER_EXTENSION = app;
			};
			name = Release;
		};
/* End XCBuildConfiguration section */

/* Begin XCConfigurationList section */
		F9E1953E17D2DFEB0013BC16 /* Build configuration list for PBXProject "CompleteTest" */ = {
			isa = XCConfigurationList;
			buildConfigurations = (
				F9E1955E17D2DFEB0013BC16 /* Debug */,
				F9E1955F17D2DFEB0013BC16 /* Release */,
			);
			defaultConfigurationIsVisible = 0;
			defaultConfigurationName = Release;
		};
		F9E1956017D2DFEB0013BC16 /* Build configuration list for PBXNativeTarget "CompleteTest" */ = {
			isa = XCConfigurationList;
			buildConfigurations = (
				F9E1956117D2DFEB0013BC16 /* Debug */,
				F9E1956217D2DFEB0013BC16 /* Release */,
			);
			defaultConfigurationIsVisible = 0;
		};
/* End XCConfigurationList section */
	};
	rootObject = F9E1953B17D2DFEB0013BC16 /* Project object */;
}
